
Microsoft Visual Studio Solution File, Format Version 12.00
# Visual Studio Version 16
VisualStudioVersion = 16.0.31624.102
MinimumVisualStudioVersion = 10.0.40219.1
Project("{9A19103F-16F7-4668-BE54-9A1E7A4F7556}") = "DotNetCoreCamp", "DotNetCoreCamp\DotNetCoreCamp.csproj", "{8CC5A5FF-2A99-4398-9D2D-808741B08C89}"
EndProject
Project("{9A19103F-16F7-4668-BE54-9A1E7A4F7556}") = "EntityLayer", "EntityLayer\EntityLayer.csproj", "{9D9AC0DD-0F29-4A20-8A46-841E0539087E}"
EndProject
Project("{9A19103F-16F7-4668-BE54-9A1E7A4F7556}") = "DataAccessLayer", "DataAccessLayer\DataAccessLayer.csproj", "{EEC93AF7-957F-4693-9DC0-3E3CDE76A010}"
EndProject
Project("{9A19103F-16F7-4668-BE54-9A1E7A4F7556}") = "BusinessLayer", "BusinessLayer\BusinessLayer.csproj", "{717FAD24-E531-4F5E-98CE-066A63B0E438}"
EndProject
Project("{9A19103F-16F7-4668-BE54-9A1E7A4F7556}") = "CoreLayer", "CoreLayer\CoreLayer.csproj", "{95385AAA-0146-47CA-8BC8-E1F959DB17BF}"
EndProject
Project("{9A19103F-16F7-4668-BE54-9A1E7A4F7556}") = "BlogApiDemo", "BlogApiDemo\BlogApiDemo.csproj", "{7E3FECC0-7B4D-4AC4-92A5-5B2C078AC5B0}"
EndProject
Global
	GlobalSection(SolutionConfigurationPlatforms) = preSolution
		Debug|Any CPU = Debug|Any CPU
		Release|Any CPU = Release|Any CPU
	EndGlobalSection
	GlobalSection(ProjectConfigurationPlatforms) = postSolution
		{8CC5A5FF-2A99-4398-9D2D-808741B08C89}.Debug|Any CPU.ActiveCfg = Debug|Any CPU
		{8CC5A5FF-2A99-4398-9D2D-808741B08C89}.Debug|Any CPU.Build.0 = Debug|Any CPU
		{8CC5A5FF-2A99-4398-9D2D-808741B08C89}.Release|Any CPU.ActiveCfg = Release|Any CPU
		{8CC5A5FF-2A99-4398-9D2D-808741B08C89}.Release|Any CPU.Build.0 = Release|Any CPU
		{9D9AC0DD-0F29-4A20-8A46-841E0539087E}.Debug|Any CPU.ActiveCfg = Debug|Any CPU
		{9D9AC0DD-0F29-4A20-8A46-841E0539087E}.Debug|Any CPU.Build.0 = Debug|Any CPU
		{9D9AC0DD-0F29-4A20-8A46-841E0539087E}.Release|Any CPU.ActiveCfg = Release|Any CPU
		{9D9AC0DD-0F29-4A20-8A46-841E0539087E}.Release|Any CPU.Build.0 = Release|Any CPU
		{EEC93AF7-957F-4693-9DC0-3E3CDE76A010}.Debug|Any CPU.ActiveCfg = Debug|Any CPU
		{EEC93AF7-957F-4693-9DC0-3E3CDE76A010}.Debug|Any CPU.Build.0 = Debug|Any CPU
		{EEC93AF7-957F-4693-9DC0-3E3CDE76A010}.Release|Any CPU.ActiveCfg = Release|Any CPU
		{EEC93AF7-957F-4693-9DC0-3E3CDE76A010}.Release|Any CPU.Build.0 = Release|Any CPU
		{717FAD24-E531-4F5E-98CE-066A63B0E438}.Debug|Any CPU.ActiveCfg = Debug|Any CPU
		{717FAD24-E531-4F5E-98CE-066A63B0E438}.Debug|Any CPU.Build.0 = Debug|Any CPU
		{717FAD24-E531-4F5E-98CE-066A63B0E438}.Release|Any CPU.ActiveCfg = Release|Any CPU
		{717FAD24-E531-4F5E-98CE-066A63B0E438}.Release|Any CPU.Build.0 = Release|Any CPU
		{95385AAA-0146-47CA-8BC8-E1F959DB17BF}.Debug|Any CPU.ActiveCfg = Debug|Any CPU
		{95385AAA-0146-47CA-8BC8-E1F959DB17BF}.Debug|Any CPU.Build.0 = Debug|Any CPU
		{95385AAA-0146-47CA-8BC8-E1F959DB17BF}.Release|Any CPU.ActiveCfg = Release|Any CPU
		{95385AAA-0146-47CA-8BC8-E1F959DB17BF}.Release|Any CPU.Build.0 = Release|Any CPU
		{7E3FECC0-7B4D-4AC4-92A5-5B2C078AC5B0}.Debug|Any CPU.ActiveCfg = Debug|Any CPU
		{7E3FECC0-7B4D-4AC4-92A5-5B2C078AC5B0}.Debug|Any CPU.Build.0 = Debug|Any CPU
		{7E3FECC0-7B4D-4AC4-92A5-5B2C078AC5B0}.Release|Any CPU.ActiveCfg = Release|Any CPU
		{7E3FECC0-7B4D-4AC4-92A5-5B2C078AC5B0}.Release|Any CPU.Build.0 = Release|Any CPU
	EndGlobalSection
	GlobalSection(SolutionProperties) = preSolution
		HideSolutionNode = FALSE
	EndGlobalSection
	GlobalSection(ExtensibilityGlobals) = postSolution
		SolutionGuid = {6DBEDA7D-A0DF-406B-8858-7D22EF78E431}
	EndGlobalSection
EndGlobal
